
Microsoft Visual Studio Solution File, Format Version 12.00
# Visual Studio Version 17
VisualStudioVersion = 17.0.32014.148
MinimumVisualStudioVersion = 10.0.40219.1
Project("{9A19103F-16F7-4668-BE54-9A1E7A4F7556}") = "DestinyMod", "DestinyMod.csproj", "{F49DBB28-C33A-4C23-874F-C77BE526CE02}"
EndProject
Project("{2150E333-8FDC-42A3-9474-1A3956D46DE8}") = "Solution Items", "Solution Items", "{EB0DAA40-4E07-4EBB-BC0B-3616E5BF236F}"
	ProjectSection(SolutionItems) = preProject
		.editorconfig = .editorconfig
	EndProjectSection
EndProject
Global
	GlobalSection(SolutionConfigurationPlatforms) = preSolution
		Debug|Any CPU = Debug|Any CPU
		Release|Any CPU = Release|Any CPU
	EndGlobalSection
	GlobalSection(ProjectConfigurationPlatforms) = postSolution
		{F49DBB28-C33A-4C23-874F-C77BE526CE02}.Debug|Any CPU.ActiveCfg = Debug|Any CPU
		{F49DBB28-C33A-4C23-874F-C77BE526CE02}.Debug|Any CPU.Build.0 = Debug|Any CPU
		{F49DBB28-C33A-4C23-874F-C77BE526CE02}.Release|Any CPU.ActiveCfg = Release|Any CPU
		{F49DBB28-C33A-4C23-874F-C77BE526CE02}.Release|Any CPU.Build.0 = Release|Any CPU
	EndGlobalSection
	GlobalSection(SolutionProperties) = preSolution
		HideSolutionNode = FALSE
	EndGlobalSection
	GlobalSection(ExtensibilityGlobals) = postSolution
		SolutionGuid = {63AE3D51-2DEB-4583-952A-866430A29063}
	EndGlobalSection
EndGlobal
